// !$*UTF8*$!
{
	archiveVersion = 1;
	classes = {
	};
	objectVersion = 50;
	objects = {

/* Begin PBXBuildFile section */
		55C423EE20AC4E8E003DC6B2 /* SuperheroesRepository.swift in Sources */ = {isa = PBXBuildFile; fileRef = 55C423ED20AC4E8E003DC6B2 /* SuperheroesRepository.swift */; };
		55C423F120AC50E5003DC6B2 /* Presenting.swift in Sources */ = {isa = PBXBuildFile; fileRef = 55C423F020AC50E5003DC6B2 /* Presenting.swift */; };
		55C423F420AC512B003DC6B2 /* SegueTypeHandling.swift in Sources */ = {isa = PBXBuildFile; fileRef = 55C423F320AC512A003DC6B2 /* SegueTypeHandling.swift */; };
		55C4240720AC5232003DC6B2 /* HasDependency.swift in Sources */ = {isa = PBXBuildFile; fileRef = 55C4240620AC5232003DC6B2 /* HasDependency.swift */; };
		55C4241220AC529A003DC6B2 /* ListPresenter.swift in Sources */ = {isa = PBXBuildFile; fileRef = 55C4240A20AC529A003DC6B2 /* ListPresenter.swift */; };
		55C4241320AC529A003DC6B2 /* ListEventHandling.swift in Sources */ = {isa = PBXBuildFile; fileRef = 55C4240B20AC529A003DC6B2 /* ListEventHandling.swift */; };
		55C4241420AC529A003DC6B2 /* ListConnector.swift in Sources */ = {isa = PBXBuildFile; fileRef = 55C4240C20AC529A003DC6B2 /* ListConnector.swift */; };
		55C4241520AC529A003DC6B2 /* ListViewController.swift in Sources */ = {isa = PBXBuildFile; fileRef = 55C4240E20AC529A003DC6B2 /* ListViewController.swift */; };
		55C4241620AC529A003DC6B2 /* ListViewing.swift in Sources */ = {isa = PBXBuildFile; fileRef = 55C4240F20AC529A003DC6B2 /* ListViewing.swift */; };
		55C4241720AC529A003DC6B2 /* ListInteractor.swift in Sources */ = {isa = PBXBuildFile; fileRef = 55C4241120AC529A003DC6B2 /* ListInteractor.swift */; };
		55C4241920AC923A003DC6B2 /* Colors.swift in Sources */ = {isa = PBXBuildFile; fileRef = 55C4241820AC923A003DC6B2 /* Colors.swift */; };
		55C4241D20ACA723003DC6B2 /* ListCell.swift in Sources */ = {isa = PBXBuildFile; fileRef = 55C4241B20ACA723003DC6B2 /* ListCell.swift */; };
		55C4241E20ACA723003DC6B2 /* ListCell.xib in Resources */ = {isa = PBXBuildFile; fileRef = 55C4241C20ACA723003DC6B2 /* ListCell.xib */; };
		55C4246920ACD11B003DC6B2 /* DetailPresenter.swift in Sources */ = {isa = PBXBuildFile; fileRef = 55C4245D20ACD11B003DC6B2 /* DetailPresenter.swift */; };
		55C4246A20ACD11B003DC6B2 /* DetailEventHandling.swift in Sources */ = {isa = PBXBuildFile; fileRef = 55C4245E20ACD11B003DC6B2 /* DetailEventHandling.swift */; };
		55C4246B20ACD11B003DC6B2 /* DetailConnector.swift in Sources */ = {isa = PBXBuildFile; fileRef = 55C4245F20ACD11B003DC6B2 /* DetailConnector.swift */; };
		55C4246C20ACD11B003DC6B2 /* DetailViewController.swift in Sources */ = {isa = PBXBuildFile; fileRef = 55C4246120ACD11B003DC6B2 /* DetailViewController.swift */; };
		55C4246D20ACD11B003DC6B2 /* DetailViewing.swift in Sources */ = {isa = PBXBuildFile; fileRef = 55C4246220ACD11B003DC6B2 /* DetailViewing.swift */; };
		55C4247520AD7C29003DC6B2 /* Spider-Man.otf in Resources */ = {isa = PBXBuildFile; fileRef = 55C4247220AD7B43003DC6B2 /* Spider-Man.otf */; };
		55C4247620AD7C2D003DC6B2 /* TradeGothic-Bold.otf in Resources */ = {isa = PBXBuildFile; fileRef = 55C4247320AD7B44003DC6B2 /* TradeGothic-Bold.otf */; };
		55C4247720AD7C30003DC6B2 /* TradeGothic-Light.otf in Resources */ = {isa = PBXBuildFile; fileRef = 55C4247420AD7B46003DC6B2 /* TradeGothic-Light.otf */; };
		55C4247920AD8689003DC6B2 /* Localizable.strings in Resources */ = {isa = PBXBuildFile; fileRef = 55C4247820AD8689003DC6B2 /* Localizable.strings */; };
		55C4247B20AD895D003DC6B2 /* ListViewModels.swift in Sources */ = {isa = PBXBuildFile; fileRef = 55C4247A20AD895D003DC6B2 /* ListViewModels.swift */; };
		55C4247E20AD9090003DC6B2 /* AlertViews.swift in Sources */ = {isa = PBXBuildFile; fileRef = 55C4247D20AD9090003DC6B2 /* AlertViews.swift */; };
		55CDF51020AC3EB2003F0564 /* AppDelegate.swift in Sources */ = {isa = PBXBuildFile; fileRef = 55CDF50F20AC3EB2003F0564 /* AppDelegate.swift */; };
		55CDF51520AC3EB2003F0564 /* Main.storyboard in Resources */ = {isa = PBXBuildFile; fileRef = 55CDF51320AC3EB2003F0564 /* Main.storyboard */; };
		55CDF51720AC3EB3003F0564 /* Assets.xcassets in Resources */ = {isa = PBXBuildFile; fileRef = 55CDF51620AC3EB3003F0564 /* Assets.xcassets */; };
		55CDF51A20AC3EB3003F0564 /* LaunchScreen.storyboard in Resources */ = {isa = PBXBuildFile; fileRef = 55CDF51820AC3EB3003F0564 /* LaunchScreen.storyboard */; };
		55CDF52520AC3EB3003F0564 /* SuperheroesTests.swift in Sources */ = {isa = PBXBuildFile; fileRef = 55CDF52420AC3EB3003F0564 /* SuperheroesTests.swift */; };
		55CDF53020AC3EB3003F0564 /* SuperheroesUITests.swift in Sources */ = {isa = PBXBuildFile; fileRef = 55CDF52F20AC3EB3003F0564 /* SuperheroesUITests.swift */; };
		55CDF54320AC410C003F0564 /* Podfile in Resources */ = {isa = PBXBuildFile; fileRef = 55CDF54220AC410C003F0564 /* Podfile */; };
		55CDF54D20AC431C003F0564 /* APIClient.swift in Sources */ = {isa = PBXBuildFile; fileRef = 55CDF54620AC431C003F0564 /* APIClient.swift */; };
		55CDF54E20AC431C003F0564 /* Resource.swift in Sources */ = {isa = PBXBuildFile; fileRef = 55CDF54720AC431C003F0564 /* Resource.swift */; };
		55CDF54F20AC431C003F0564 /* APIClientError.swift in Sources */ = {isa = PBXBuildFile; fileRef = 55CDF54820AC431C003F0564 /* APIClientError.swift */; };
		55CDF55020AC431C003F0564 /* Data.swift in Sources */ = {isa = PBXBuildFile; fileRef = 55CDF54A20AC431C003F0564 /* Data.swift */; };
		55CDF55520AC4428003F0564 /* Superheroes.swift in Sources */ = {isa = PBXBuildFile; fileRef = 55CDF55320AC4428003F0564 /* Superheroes.swift */; };
		55CDF55620AC4428003F0564 /* Superheroe.swift in Sources */ = {isa = PBXBuildFile; fileRef = 55CDF55420AC4428003F0564 /* Superheroe.swift */; };
		55CDF55820AC446D003F0564 /* SuperheroeResource.swift in Sources */ = {isa = PBXBuildFile; fileRef = 55CDF55720AC446D003F0564 /* SuperheroeResource.swift */; };
		55CDF55B20AC4477003F0564 /* Constanst.swift in Sources */ = {isa = PBXBuildFile; fileRef = 55CDF55A20AC4477003F0564 /* Constanst.swift */; };
		7716EDC52BBBD4DA80A14DD3 /* Pods_Superheroes.framework in Frameworks */ = {isa = PBXBuildFile; fileRef = FA058026BAC9074106F477C7 /* Pods_Superheroes.framework */; };
		9D1D16F2D54ED851718C4145 /* Pods_SuperheroesUITests.framework in Frameworks */ = {isa = PBXBuildFile; fileRef = 71549E5B33A883344E7E70B2 /* Pods_SuperheroesUITests.framework */; };
		EF3177A7BDDE72F4229DDDF9 /* Pods_SuperheroesTests.framework in Frameworks */ = {isa = PBXBuildFile; fileRef = 0AB2C50BAB0607883C4EC35B /* Pods_SuperheroesTests.framework */; };
/* End PBXBuildFile section */

/* Begin PBXContainerItemProxy section */
		55CDF52120AC3EB3003F0564 /* PBXContainerItemProxy */ = {
			isa = PBXContainerItemProxy;
			containerPortal = 55CDF50420AC3EB2003F0564 /* Project object */;
			proxyType = 1;
			remoteGlobalIDString = 55CDF50B20AC3EB2003F0564;
			remoteInfo = Superheroes;
		};
		55CDF52C20AC3EB3003F0564 /* PBXContainerItemProxy */ = {
			isa = PBXContainerItemProxy;
			containerPortal = 55CDF50420AC3EB2003F0564 /* Project object */;
			proxyType = 1;
			remoteGlobalIDString = 55CDF50B20AC3EB2003F0564;
			remoteInfo = Superheroes;
		};
/* End PBXContainerItemProxy section */

/* Begin PBXFileReference section */
		093E5932B6580333E2344CCF /* Pods-Superheroes.release.xcconfig */ = {isa = PBXFileReference; includeInIndex = 1; lastKnownFileType = text.xcconfig; name = "Pods-Superheroes.release.xcconfig"; path = "Pods/Target Support Files/Pods-Superheroes/Pods-Superheroes.release.xcconfig"; sourceTree = "<group>"; };
		0AB2C50BAB0607883C4EC35B /* Pods_SuperheroesTests.framework */ = {isa = PBXFileReference; explicitFileType = wrapper.framework; includeInIndex = 0; path = Pods_SuperheroesTests.framework; sourceTree = BUILT_PRODUCTS_DIR; };
		3694C0B85B63629FC22A21DF /* Pods-SuperheroesUITests.debug.xcconfig */ = {isa = PBXFileReference; includeInIndex = 1; lastKnownFileType = text.xcconfig; name = "Pods-SuperheroesUITests.debug.xcconfig"; path = "Pods/Target Support Files/Pods-SuperheroesUITests/Pods-SuperheroesUITests.debug.xcconfig"; sourceTree = "<group>"; };
		4FDC6A66B675FA298249388D /* Pods-SuperheroesTests.debug.xcconfig */ = {isa = PBXFileReference; includeInIndex = 1; lastKnownFileType = text.xcconfig; name = "Pods-SuperheroesTests.debug.xcconfig"; path = "Pods/Target Support Files/Pods-SuperheroesTests/Pods-SuperheroesTests.debug.xcconfig"; sourceTree = "<group>"; };
		55C423ED20AC4E8E003DC6B2 /* SuperheroesRepository.swift */ = {isa = PBXFileReference; lastKnownFileType = sourcecode.swift; path = SuperheroesRepository.swift; sourceTree = "<group>"; };
		55C423F020AC50E5003DC6B2 /* Presenting.swift */ = {isa = PBXFileReference; fileEncoding = 4; lastKnownFileType = sourcecode.swift; path = Presenting.swift; sourceTree = "<group>"; };
		55C423F320AC512A003DC6B2 /* SegueTypeHandling.swift */ = {isa = PBXFileReference; fileEncoding = 4; lastKnownFileType = sourcecode.swift; path = SegueTypeHandling.swift; sourceTree = "<group>"; };
		55C4240620AC5232003DC6B2 /* HasDependency.swift */ = {isa = PBXFileReference; lastKnownFileType = sourcecode.swift; path = HasDependency.swift; sourceTree = "<group>"; };
		55C4240A20AC529A003DC6B2 /* ListPresenter.swift */ = {isa = PBXFileReference; fileEncoding = 4; lastKnownFileType = sourcecode.swift; path = ListPresenter.swift; sourceTree = "<group>"; };
		55C4240B20AC529A003DC6B2 /* ListEventHandling.swift */ = {isa = PBXFileReference; fileEncoding = 4; lastKnownFileType = sourcecode.swift; path = ListEventHandling.swift; sourceTree = "<group>"; };
		55C4240C20AC529A003DC6B2 /* ListConnector.swift */ = {isa = PBXFileReference; fileEncoding = 4; lastKnownFileType = sourcecode.swift; path = ListConnector.swift; sourceTree = "<group>"; };
		55C4240E20AC529A003DC6B2 /* ListViewController.swift */ = {isa = PBXFileReference; fileEncoding = 4; lastKnownFileType = sourcecode.swift; path = ListViewController.swift; sourceTree = "<group>"; };
		55C4240F20AC529A003DC6B2 /* ListViewing.swift */ = {isa = PBXFileReference; fileEncoding = 4; lastKnownFileType = sourcecode.swift; path = ListViewing.swift; sourceTree = "<group>"; };
		55C4241120AC529A003DC6B2 /* ListInteractor.swift */ = {isa = PBXFileReference; fileEncoding = 4; lastKnownFileType = sourcecode.swift; path = ListInteractor.swift; sourceTree = "<group>"; };
		55C4241820AC923A003DC6B2 /* Colors.swift */ = {isa = PBXFileReference; lastKnownFileType = sourcecode.swift; path = Colors.swift; sourceTree = "<group>"; };
		55C4241B20ACA723003DC6B2 /* ListCell.swift */ = {isa = PBXFileReference; lastKnownFileType = sourcecode.swift; path = ListCell.swift; sourceTree = "<group>"; };
		55C4241C20ACA723003DC6B2 /* ListCell.xib */ = {isa = PBXFileReference; lastKnownFileType = file.xib; path = ListCell.xib; sourceTree = "<group>"; };
		55C4245D20ACD11B003DC6B2 /* DetailPresenter.swift */ = {isa = PBXFileReference; fileEncoding = 4; lastKnownFileType = sourcecode.swift; path = DetailPresenter.swift; sourceTree = "<group>"; };
		55C4245E20ACD11B003DC6B2 /* DetailEventHandling.swift */ = {isa = PBXFileReference; fileEncoding = 4; lastKnownFileType = sourcecode.swift; path = DetailEventHandling.swift; sourceTree = "<group>"; };
		55C4245F20ACD11B003DC6B2 /* DetailConnector.swift */ = {isa = PBXFileReference; fileEncoding = 4; lastKnownFileType = sourcecode.swift; path = DetailConnector.swift; sourceTree = "<group>"; };
		55C4246120ACD11B003DC6B2 /* DetailViewController.swift */ = {isa = PBXFileReference; fileEncoding = 4; lastKnownFileType = sourcecode.swift; path = DetailViewController.swift; sourceTree = "<group>"; };
		55C4246220ACD11B003DC6B2 /* DetailViewing.swift */ = {isa = PBXFileReference; fileEncoding = 4; lastKnownFileType = sourcecode.swift; path = DetailViewing.swift; sourceTree = "<group>"; };
		55C4247220AD7B43003DC6B2 /* Spider-Man.otf */ = {isa = PBXFileReference; lastKnownFileType = file; path = "Spider-Man.otf"; sourceTree = "<group>"; };
		55C4247320AD7B44003DC6B2 /* TradeGothic-Bold.otf */ = {isa = PBXFileReference; lastKnownFileType = file; path = "TradeGothic-Bold.otf"; sourceTree = "<group>"; };
		55C4247420AD7B46003DC6B2 /* TradeGothic-Light.otf */ = {isa = PBXFileReference; lastKnownFileType = file; path = "TradeGothic-Light.otf"; sourceTree = "<group>"; };
		55C4247820AD8689003DC6B2 /* Localizable.strings */ = {isa = PBXFileReference; lastKnownFileType = text.plist.strings; path = Localizable.strings; sourceTree = "<group>"; };
		55C4247A20AD895D003DC6B2 /* ListViewModels.swift */ = {isa = PBXFileReference; lastKnownFileType = sourcecode.swift; path = ListViewModels.swift; sourceTree = "<group>"; };
		55C4247D20AD9090003DC6B2 /* AlertViews.swift */ = {isa = PBXFileReference; lastKnownFileType = sourcecode.swift; path = AlertViews.swift; sourceTree = "<group>"; };
		55CDF50C20AC3EB2003F0564 /* Superheroes.app */ = {isa = PBXFileReference; explicitFileType = wrapper.application; includeInIndex = 0; path = Superheroes.app; sourceTree = BUILT_PRODUCTS_DIR; };
		55CDF50F20AC3EB2003F0564 /* AppDelegate.swift */ = {isa = PBXFileReference; lastKnownFileType = sourcecode.swift; path = AppDelegate.swift; sourceTree = "<group>"; };
		55CDF51420AC3EB2003F0564 /* Base */ = {isa = PBXFileReference; lastKnownFileType = file.storyboard; name = Base; path = Base.lproj/Main.storyboard; sourceTree = "<group>"; };
		55CDF51620AC3EB3003F0564 /* Assets.xcassets */ = {isa = PBXFileReference; lastKnownFileType = folder.assetcatalog; path = Assets.xcassets; sourceTree = "<group>"; };
		55CDF51920AC3EB3003F0564 /* Base */ = {isa = PBXFileReference; lastKnownFileType = file.storyboard; name = Base; path = Base.lproj/LaunchScreen.storyboard; sourceTree = "<group>"; };
		55CDF51B20AC3EB3003F0564 /* Info.plist */ = {isa = PBXFileReference; lastKnownFileType = text.plist.xml; path = Info.plist; sourceTree = "<group>"; };
		55CDF52020AC3EB3003F0564 /* SuperheroesTests.xctest */ = {isa = PBXFileReference; explicitFileType = wrapper.cfbundle; includeInIndex = 0; path = SuperheroesTests.xctest; sourceTree = BUILT_PRODUCTS_DIR; };
		55CDF52420AC3EB3003F0564 /* SuperheroesTests.swift */ = {isa = PBXFileReference; lastKnownFileType = sourcecode.swift; path = SuperheroesTests.swift; sourceTree = "<group>"; };
		55CDF52620AC3EB3003F0564 /* Info.plist */ = {isa = PBXFileReference; lastKnownFileType = text.plist.xml; path = Info.plist; sourceTree = "<group>"; };
		55CDF52B20AC3EB3003F0564 /* SuperheroesUITests.xctest */ = {isa = PBXFileReference; explicitFileType = wrapper.cfbundle; includeInIndex = 0; path = SuperheroesUITests.xctest; sourceTree = BUILT_PRODUCTS_DIR; };
		55CDF52F20AC3EB3003F0564 /* SuperheroesUITests.swift */ = {isa = PBXFileReference; lastKnownFileType = sourcecode.swift; path = SuperheroesUITests.swift; sourceTree = "<group>"; };
		55CDF53120AC3EB3003F0564 /* Info.plist */ = {isa = PBXFileReference; lastKnownFileType = text.plist.xml; path = Info.plist; sourceTree = "<group>"; };
		55CDF54220AC410C003F0564 /* Podfile */ = {isa = PBXFileReference; fileEncoding = 4; lastKnownFileType = text; path = Podfile; sourceTree = SOURCE_ROOT; xcLanguageSpecificationIdentifier = xcode.lang.ruby; };
		55CDF54620AC431C003F0564 /* APIClient.swift */ = {isa = PBXFileReference; fileEncoding = 4; lastKnownFileType = sourcecode.swift; path = APIClient.swift; sourceTree = "<group>"; };
		55CDF54720AC431C003F0564 /* Resource.swift */ = {isa = PBXFileReference; fileEncoding = 4; lastKnownFileType = sourcecode.swift; path = Resource.swift; sourceTree = "<group>"; };
		55CDF54820AC431C003F0564 /* APIClientError.swift */ = {isa = PBXFileReference; fileEncoding = 4; lastKnownFileType = sourcecode.swift; path = APIClientError.swift; sourceTree = "<group>"; };
		55CDF54A20AC431C003F0564 /* Data.swift */ = {isa = PBXFileReference; fileEncoding = 4; lastKnownFileType = sourcecode.swift; path = Data.swift; sourceTree = "<group>"; };
		55CDF55320AC4428003F0564 /* Superheroes.swift */ = {isa = PBXFileReference; fileEncoding = 4; lastKnownFileType = sourcecode.swift; path = Superheroes.swift; sourceTree = "<group>"; };
		55CDF55420AC4428003F0564 /* Superheroe.swift */ = {isa = PBXFileReference; fileEncoding = 4; lastKnownFileType = sourcecode.swift; path = Superheroe.swift; sourceTree = "<group>"; };
		55CDF55720AC446D003F0564 /* SuperheroeResource.swift */ = {isa = PBXFileReference; fileEncoding = 4; lastKnownFileType = sourcecode.swift; path = SuperheroeResource.swift; sourceTree = "<group>"; };
		55CDF55A20AC4477003F0564 /* Constanst.swift */ = {isa = PBXFileReference; fileEncoding = 4; lastKnownFileType = sourcecode.swift; path = Constanst.swift; sourceTree = "<group>"; };
		71549E5B33A883344E7E70B2 /* Pods_SuperheroesUITests.framework */ = {isa = PBXFileReference; explicitFileType = wrapper.framework; includeInIndex = 0; path = Pods_SuperheroesUITests.framework; sourceTree = BUILT_PRODUCTS_DIR; };
		77AD0DFA010DFF7B421089F2 /* Pods-Superheroes.debug.xcconfig */ = {isa = PBXFileReference; includeInIndex = 1; lastKnownFileType = text.xcconfig; name = "Pods-Superheroes.debug.xcconfig"; path = "Pods/Target Support Files/Pods-Superheroes/Pods-Superheroes.debug.xcconfig"; sourceTree = "<group>"; };
		B59DD5C8FE90B224A7B80D1F /* Pods-SuperheroesUITests.release.xcconfig */ = {isa = PBXFileReference; includeInIndex = 1; lastKnownFileType = text.xcconfig; name = "Pods-SuperheroesUITests.release.xcconfig"; path = "Pods/Target Support Files/Pods-SuperheroesUITests/Pods-SuperheroesUITests.release.xcconfig"; sourceTree = "<group>"; };
		FA058026BAC9074106F477C7 /* Pods_Superheroes.framework */ = {isa = PBXFileReference; explicitFileType = wrapper.framework; includeInIndex = 0; path = Pods_Superheroes.framework; sourceTree = BUILT_PRODUCTS_DIR; };
		FAA27809E2869BAECA8F62B5 /* Pods-SuperheroesTests.release.xcconfig */ = {isa = PBXFileReference; includeInIndex = 1; lastKnownFileType = text.xcconfig; name = "Pods-SuperheroesTests.release.xcconfig"; path = "Pods/Target Support Files/Pods-SuperheroesTests/Pods-SuperheroesTests.release.xcconfig"; sourceTree = "<group>"; };
/* End PBXFileReference section */

/* Begin PBXFrameworksBuildPhase section */
		55CDF50920AC3EB2003F0564 /* Frameworks */ = {
			isa = PBXFrameworksBuildPhase;
			buildActionMask = 2147483647;
			files = (
				7716EDC52BBBD4DA80A14DD3 /* Pods_Superheroes.framework in Frameworks */,
			);
			runOnlyForDeploymentPostprocessing = 0;
		};
		55CDF51D20AC3EB3003F0564 /* Frameworks */ = {
			isa = PBXFrameworksBuildPhase;
			buildActionMask = 2147483647;
			files = (
				EF3177A7BDDE72F4229DDDF9 /* Pods_SuperheroesTests.framework in Frameworks */,
			);
			runOnlyForDeploymentPostprocessing = 0;
		};
		55CDF52820AC3EB3003F0564 /* Frameworks */ = {
			isa = PBXFrameworksBuildPhase;
			buildActionMask = 2147483647;
			files = (
				9D1D16F2D54ED851718C4145 /* Pods_SuperheroesUITests.framework in Frameworks */,
			);
			runOnlyForDeploymentPostprocessing = 0;
		};
/* End PBXFrameworksBuildPhase section */

/* Begin PBXGroup section */
		55C423EC20AC4E5B003DC6B2 /* Repositories */ = {
			isa = PBXGroup;
			children = (
				55C423ED20AC4E8E003DC6B2 /* SuperheroesRepository.swift */,
			);
			path = Repositories;
			sourceTree = "<group>";
		};
		55C423EF20AC50E5003DC6B2 /* Base */ = {
			isa = PBXGroup;
			children = (
				55C423F020AC50E5003DC6B2 /* Presenting.swift */,
			);
			path = Base;
			sourceTree = "<group>";
		};
		55C423F220AC512A003DC6B2 /* Traits */ = {
			isa = PBXGroup;
			children = (
				55C423F320AC512A003DC6B2 /* SegueTypeHandling.swift */,
			);
			path = Traits;
			sourceTree = "<group>";
		};
		55C4240520AC5210003DC6B2 /* DI */ = {
			isa = PBXGroup;
			children = (
				55C4240620AC5232003DC6B2 /* HasDependency.swift */,
			);
			path = DI;
			sourceTree = "<group>";
		};
		55C4240820AC529A003DC6B2 /* List */ = {
			isa = PBXGroup;
			children = (
				55C4240C20AC529A003DC6B2 /* ListConnector.swift */,
				55C4240D20AC529A003DC6B2 /* View */,
				55C4240920AC529A003DC6B2 /* Presenter */,
				55C4241020AC529A003DC6B2 /* Use Cases */,
			);
			path = List;
			sourceTree = "<group>";
		};
		55C4240920AC529A003DC6B2 /* Presenter */ = {
			isa = PBXGroup;
			children = (
				55C4240A20AC529A003DC6B2 /* ListPresenter.swift */,
				55C4240B20AC529A003DC6B2 /* ListEventHandling.swift */,
			);
			path = Presenter;
			sourceTree = "<group>";
		};
		55C4240D20AC529A003DC6B2 /* View */ = {
			isa = PBXGroup;
			children = (
				55C4241A20ACA6AD003DC6B2 /* Cells */,
				55C4240E20AC529A003DC6B2 /* ListViewController.swift */,
				55C4240F20AC529A003DC6B2 /* ListViewing.swift */,
			);
			path = View;
			sourceTree = "<group>";
		};
		55C4241020AC529A003DC6B2 /* Use Cases */ = {
			isa = PBXGroup;
			children = (
				55C4241120AC529A003DC6B2 /* ListInteractor.swift */,
			);
			path = "Use Cases";
			sourceTree = "<group>";
		};
		55C4241A20ACA6AD003DC6B2 /* Cells */ = {
			isa = PBXGroup;
			children = (
				55C4241B20ACA723003DC6B2 /* ListCell.swift */,
				55C4241C20ACA723003DC6B2 /* ListCell.xib */,
				55C4247A20AD895D003DC6B2 /* ListViewModels.swift */,
			);
			path = Cells;
			sourceTree = "<group>";
		};
		55C4241F20ACB371003DC6B2 /* Fonts */ = {
			isa = PBXGroup;
			children = (
				55C4247220AD7B43003DC6B2 /* Spider-Man.otf */,
				55C4247320AD7B44003DC6B2 /* TradeGothic-Bold.otf */,
				55C4247420AD7B46003DC6B2 /* TradeGothic-Light.otf */,
			);
			path = Fonts;
			sourceTree = "<group>";
		};
		55C4245B20ACD11B003DC6B2 /* Detail */ = {
			isa = PBXGroup;
			children = (
				55C4245F20ACD11B003DC6B2 /* DetailConnector.swift */,
				55C4246020ACD11B003DC6B2 /* View */,
				55C4245C20ACD11B003DC6B2 /* Presenter */,
			);
			path = Detail;
			sourceTree = "<group>";
		};
		55C4245C20ACD11B003DC6B2 /* Presenter */ = {
			isa = PBXGroup;
			children = (
				55C4245D20ACD11B003DC6B2 /* DetailPresenter.swift */,
				55C4245E20ACD11B003DC6B2 /* DetailEventHandling.swift */,
			);
			path = Presenter;
			sourceTree = "<group>";
		};
		55C4246020ACD11B003DC6B2 /* View */ = {
			isa = PBXGroup;
			children = (
				55C4246120ACD11B003DC6B2 /* DetailViewController.swift */,
				55C4246220ACD11B003DC6B2 /* DetailViewing.swift */,
			);
			path = View;
			sourceTree = "<group>";
		};
		55C4247C20AD907B003DC6B2 /* UI Components */ = {
			isa = PBXGroup;
			children = (
				55C4247D20AD9090003DC6B2 /* AlertViews.swift */,
			);
			path = "UI Components";
			sourceTree = "<group>";
		};
		55CDF50320AC3EB2003F0564 = {
			isa = PBXGroup;
			children = (
				55CDF50E20AC3EB2003F0564 /* Superheroes */,
				55CDF54220AC410C003F0564 /* Podfile */,
				55CDF52320AC3EB3003F0564 /* SuperheroesTests */,
				55CDF52E20AC3EB3003F0564 /* SuperheroesUITests */,
				55CDF50D20AC3EB2003F0564 /* Products */,
				CB7BC63FB52543FD76E04185 /* Pods */,
				805FC9DF4C719B9C1A0811EC /* Frameworks */,
			);
			sourceTree = "<group>";
		};
		55CDF50D20AC3EB2003F0564 /* Products */ = {
			isa = PBXGroup;
			children = (
				55CDF50C20AC3EB2003F0564 /* Superheroes.app */,
				55CDF52020AC3EB3003F0564 /* SuperheroesTests.xctest */,
				55CDF52B20AC3EB3003F0564 /* SuperheroesUITests.xctest */,
			);
			name = Products;
			sourceTree = "<group>";
		};
		55CDF50E20AC3EB2003F0564 /* Superheroes */ = {
			isa = PBXGroup;
			children = (
				55CDF50F20AC3EB2003F0564 /* AppDelegate.swift */,
				55CDF53F20AC4017003F0564 /* Infrastructure */,
				55CDF53D20AC3FFB003F0564 /* Modules */,
				55C423EC20AC4E5B003DC6B2 /* Repositories */,
				55CDF54120AC4031003F0564 /* Resources */,
				55CDF54020AC4028003F0564 /* Supporting Files */,
			);
			path = Superheroes;
			sourceTree = "<group>";
		};
		55CDF52320AC3EB3003F0564 /* SuperheroesTests */ = {
			isa = PBXGroup;
			children = (
				55CDF52420AC3EB3003F0564 /* SuperheroesTests.swift */,
				55CDF52620AC3EB3003F0564 /* Info.plist */,
			);
			path = SuperheroesTests;
			sourceTree = "<group>";
		};
		55CDF52E20AC3EB3003F0564 /* SuperheroesUITests */ = {
			isa = PBXGroup;
			children = (
				55CDF52F20AC3EB3003F0564 /* SuperheroesUITests.swift */,
				55CDF53120AC3EB3003F0564 /* Info.plist */,
			);
			path = SuperheroesUITests;
			sourceTree = "<group>";
		};
		55CDF53D20AC3FFB003F0564 /* Modules */ = {
			isa = PBXGroup;
			children = (
				55CDF51320AC3EB2003F0564 /* Main.storyboard */,
				55C423EF20AC50E5003DC6B2 /* Base */,
				55C4240820AC529A003DC6B2 /* List */,
				55C4245B20ACD11B003DC6B2 /* Detail */,
			);
			path = Modules;
			sourceTree = "<group>";
		};
		55CDF53F20AC4017003F0564 /* Infrastructure */ = {
			isa = PBXGroup;
			children = (
				55C4247C20AD907B003DC6B2 /* UI Components */,
				55C4240520AC5210003DC6B2 /* DI */,
				55CDF55920AC4477003F0564 /* Constanst */,
				55CDF55220AC4428003F0564 /* Models */,
				55CDF54420AC431C003F0564 /* API */,
				55C423F220AC512A003DC6B2 /* Traits */,
				55CDF54920AC431C003F0564 /* Extensions */,
			);
			path = Infrastructure;
			sourceTree = "<group>";
		};
		55CDF54020AC4028003F0564 /* Supporting Files */ = {
			isa = PBXGroup;
			children = (
				55CDF51B20AC3EB3003F0564 /* Info.plist */,
			);
			path = "Supporting Files";
			sourceTree = "<group>";
		};
		55CDF54120AC4031003F0564 /* Resources */ = {
			isa = PBXGroup;
			children = (
				55C4241F20ACB371003DC6B2 /* Fonts */,
				55CDF51620AC3EB3003F0564 /* Assets.xcassets */,
				55CDF51820AC3EB3003F0564 /* LaunchScreen.storyboard */,
				55C4241820AC923A003DC6B2 /* Colors.swift */,
				55C4247820AD8689003DC6B2 /* Localizable.strings */,
			);
			path = Resources;
			sourceTree = "<group>";
		};
		55CDF54420AC431C003F0564 /* API */ = {
			isa = PBXGroup;
			children = (
				55CDF55720AC446D003F0564 /* SuperheroeResource.swift */,
				55CDF54520AC431C003F0564 /* Core */,
			);
			path = API;
			sourceTree = "<group>";
		};
		55CDF54520AC431C003F0564 /* Core */ = {
			isa = PBXGroup;
			children = (
				55CDF54620AC431C003F0564 /* APIClient.swift */,
				55CDF54720AC431C003F0564 /* Resource.swift */,
				55CDF54820AC431C003F0564 /* APIClientError.swift */,
			);
			path = Core;
			sourceTree = "<group>";
		};
		55CDF54920AC431C003F0564 /* Extensions */ = {
			isa = PBXGroup;
			children = (
				55CDF54A20AC431C003F0564 /* Data.swift */,
			);
			path = Extensions;
			sourceTree = "<group>";
		};
		55CDF55220AC4428003F0564 /* Models */ = {
			isa = PBXGroup;
			children = (
				55CDF55320AC4428003F0564 /* Superheroes.swift */,
				55CDF55420AC4428003F0564 /* Superheroe.swift */,
			);
			path = Models;
			sourceTree = "<group>";
		};
		55CDF55920AC4477003F0564 /* Constanst */ = {
			isa = PBXGroup;
			children = (
				55CDF55A20AC4477003F0564 /* Constanst.swift */,
			);
			path = Constanst;
			sourceTree = "<group>";
		};
		805FC9DF4C719B9C1A0811EC /* Frameworks */ = {
			isa = PBXGroup;
			children = (
				FA058026BAC9074106F477C7 /* Pods_Superheroes.framework */,
				0AB2C50BAB0607883C4EC35B /* Pods_SuperheroesTests.framework */,
				71549E5B33A883344E7E70B2 /* Pods_SuperheroesUITests.framework */,
			);
			name = Frameworks;
			sourceTree = "<group>";
		};
		CB7BC63FB52543FD76E04185 /* Pods */ = {
			isa = PBXGroup;
			children = (
				77AD0DFA010DFF7B421089F2 /* Pods-Superheroes.debug.xcconfig */,
				093E5932B6580333E2344CCF /* Pods-Superheroes.release.xcconfig */,
				4FDC6A66B675FA298249388D /* Pods-SuperheroesTests.debug.xcconfig */,
				FAA27809E2869BAECA8F62B5 /* Pods-SuperheroesTests.release.xcconfig */,
				3694C0B85B63629FC22A21DF /* Pods-SuperheroesUITests.debug.xcconfig */,
				B59DD5C8FE90B224A7B80D1F /* Pods-SuperheroesUITests.release.xcconfig */,
			);
			name = Pods;
			sourceTree = "<group>";
		};
/* End PBXGroup section */

/* Begin PBXNativeTarget section */
		55CDF50B20AC3EB2003F0564 /* Superheroes */ = {
			isa = PBXNativeTarget;
			buildConfigurationList = 55CDF53420AC3EB3003F0564 /* Build configuration list for PBXNativeTarget "Superheroes" */;
			buildPhases = (
				DA7C5CBFDE36EF1BA65E29DB /* [CP] Check Pods Manifest.lock */,
				55CDF50820AC3EB2003F0564 /* Sources */,
				55CDF50920AC3EB2003F0564 /* Frameworks */,
				55CDF50A20AC3EB2003F0564 /* Resources */,
				E64CF338FB653B7057E1F8B7 /* [CP] Embed Pods Frameworks */,
			);
			buildRules = (
			);
			dependencies = (
			);
			name = Superheroes;
			productName = Superheroes;
			productReference = 55CDF50C20AC3EB2003F0564 /* Superheroes.app */;
			productType = "com.apple.product-type.application";
		};
		55CDF51F20AC3EB3003F0564 /* SuperheroesTests */ = {
			isa = PBXNativeTarget;
			buildConfigurationList = 55CDF53720AC3EB3003F0564 /* Build configuration list for PBXNativeTarget "SuperheroesTests" */;
			buildPhases = (
				C3D2F59DBDB44B5C36407D01 /* [CP] Check Pods Manifest.lock */,
				55CDF51C20AC3EB3003F0564 /* Sources */,
				55CDF51D20AC3EB3003F0564 /* Frameworks */,
				55CDF51E20AC3EB3003F0564 /* Resources */,
			);
			buildRules = (
			);
			dependencies = (
				55CDF52220AC3EB3003F0564 /* PBXTargetDependency */,
			);
			name = SuperheroesTests;
			productName = SuperheroesTests;
			productReference = 55CDF52020AC3EB3003F0564 /* SuperheroesTests.xctest */;
			productType = "com.apple.product-type.bundle.unit-test";
		};
		55CDF52A20AC3EB3003F0564 /* SuperheroesUITests */ = {
			isa = PBXNativeTarget;
			buildConfigurationList = 55CDF53A20AC3EB3003F0564 /* Build configuration list for PBXNativeTarget "SuperheroesUITests" */;
			buildPhases = (
				C6B774B49FCAC4BCF7BF66D5 /* [CP] Check Pods Manifest.lock */,
				55CDF52720AC3EB3003F0564 /* Sources */,
				55CDF52820AC3EB3003F0564 /* Frameworks */,
				55CDF52920AC3EB3003F0564 /* Resources */,
			);
			buildRules = (
			);
			dependencies = (
				55CDF52D20AC3EB3003F0564 /* PBXTargetDependency */,
			);
			name = SuperheroesUITests;
			productName = SuperheroesUITests;
			productReference = 55CDF52B20AC3EB3003F0564 /* SuperheroesUITests.xctest */;
			productType = "com.apple.product-type.bundle.ui-testing";
		};
/* End PBXNativeTarget section */

/* Begin PBXProject section */
		55CDF50420AC3EB2003F0564 /* Project object */ = {
			isa = PBXProject;
			attributes = {
				LastSwiftUpdateCheck = 0930;
				LastUpgradeCheck = 0930;
				ORGANIZATIONNAME = "Oscar García";
				TargetAttributes = {
					55CDF50B20AC3EB2003F0564 = {
						CreatedOnToolsVersion = 9.3.1;
					};
					55CDF51F20AC3EB3003F0564 = {
						CreatedOnToolsVersion = 9.3.1;
						TestTargetID = 55CDF50B20AC3EB2003F0564;
					};
					55CDF52A20AC3EB3003F0564 = {
						CreatedOnToolsVersion = 9.3.1;
						TestTargetID = 55CDF50B20AC3EB2003F0564;
					};
				};
			};
			buildConfigurationList = 55CDF50720AC3EB2003F0564 /* Build configuration list for PBXProject "Superheroes" */;
			compatibilityVersion = "Xcode 9.3";
			developmentRegion = en;
			hasScannedForEncodings = 0;
			knownRegions = (
				en,
				Base,
			);
			mainGroup = 55CDF50320AC3EB2003F0564;
			productRefGroup = 55CDF50D20AC3EB2003F0564 /* Products */;
			projectDirPath = "";
			projectRoot = "";
			targets = (
				55CDF50B20AC3EB2003F0564 /* Superheroes */,
				55CDF51F20AC3EB3003F0564 /* SuperheroesTests */,
				55CDF52A20AC3EB3003F0564 /* SuperheroesUITests */,
			);
		};
/* End PBXProject section */

/* Begin PBXResourcesBuildPhase section */
		55CDF50A20AC3EB2003F0564 /* Resources */ = {
			isa = PBXResourcesBuildPhase;
			buildActionMask = 2147483647;
			files = (
				55CDF51A20AC3EB3003F0564 /* LaunchScreen.storyboard in Resources */,
				55C4247620AD7C2D003DC6B2 /* TradeGothic-Bold.otf in Resources */,
				55CDF51720AC3EB3003F0564 /* Assets.xcassets in Resources */,
				55C4247720AD7C30003DC6B2 /* TradeGothic-Light.otf in Resources */,
				55C4247920AD8689003DC6B2 /* Localizable.strings in Resources */,
				55C4247520AD7C29003DC6B2 /* Spider-Man.otf in Resources */,
				55CDF54320AC410C003F0564 /* Podfile in Resources */,
				55CDF51520AC3EB2003F0564 /* Main.storyboard in Resources */,
				55C4241E20ACA723003DC6B2 /* ListCell.xib in Resources */,
			);
			runOnlyForDeploymentPostprocessing = 0;
		};
		55CDF51E20AC3EB3003F0564 /* Resources */ = {
			isa = PBXResourcesBuildPhase;
			buildActionMask = 2147483647;
			files = (
			);
			runOnlyForDeploymentPostprocessing = 0;
		};
		55CDF52920AC3EB3003F0564 /* Resources */ = {
			isa = PBXResourcesBuildPhase;
			buildActionMask = 2147483647;
			files = (
			);
			runOnlyForDeploymentPostprocessing = 0;
		};
/* End PBXResourcesBuildPhase section */

/* Begin PBXShellScriptBuildPhase section */
		C3D2F59DBDB44B5C36407D01 /* [CP] Check Pods Manifest.lock */ = {
			isa = PBXShellScriptBuildPhase;
			buildActionMask = 2147483647;
			files = (
			);
			inputPaths = (
				"${PODS_PODFILE_DIR_PATH}/Podfile.lock",
				"${PODS_ROOT}/Manifest.lock",
			);
			name = "[CP] Check Pods Manifest.lock";
			outputPaths = (
				"$(DERIVED_FILE_DIR)/Pods-SuperheroesTests-checkManifestLockResult.txt",
			);
			runOnlyForDeploymentPostprocessing = 0;
			shellPath = /bin/sh;
			shellScript = "diff \"${PODS_PODFILE_DIR_PATH}/Podfile.lock\" \"${PODS_ROOT}/Manifest.lock\" > /dev/null\nif [ $? != 0 ] ; then\n    # print error to STDERR\n    echo \"error: The sandbox is not in sync with the Podfile.lock. Run 'pod install' or update your CocoaPods installation.\" >&2\n    exit 1\nfi\n# This output is used by Xcode 'outputs' to avoid re-running this script phase.\necho \"SUCCESS\" > \"${SCRIPT_OUTPUT_FILE_0}\"\n";
			showEnvVarsInLog = 0;
		};
		C6B774B49FCAC4BCF7BF66D5 /* [CP] Check Pods Manifest.lock */ = {
			isa = PBXShellScriptBuildPhase;
			buildActionMask = 2147483647;
			files = (
			);
			inputPaths = (
				"${PODS_PODFILE_DIR_PATH}/Podfile.lock",
				"${PODS_ROOT}/Manifest.lock",
			);
			name = "[CP] Check Pods Manifest.lock";
			outputPaths = (
				"$(DERIVED_FILE_DIR)/Pods-SuperheroesUITests-checkManifestLockResult.txt",
			);
			runOnlyForDeploymentPostprocessing = 0;
			shellPath = /bin/sh;
			shellScript = "diff \"${PODS_PODFILE_DIR_PATH}/Podfile.lock\" \"${PODS_ROOT}/Manifest.lock\" > /dev/null\nif [ $? != 0 ] ; then\n    # print error to STDERR\n    echo \"error: The sandbox is not in sync with the Podfile.lock. Run 'pod install' or update your CocoaPods installation.\" >&2\n    exit 1\nfi\n# This output is used by Xcode 'outputs' to avoid re-running this script phase.\necho \"SUCCESS\" > \"${SCRIPT_OUTPUT_FILE_0}\"\n";
			showEnvVarsInLog = 0;
		};
		DA7C5CBFDE36EF1BA65E29DB /* [CP] Check Pods Manifest.lock */ = {
			isa = PBXShellScriptBuildPhase;
			buildActionMask = 2147483647;
			files = (
			);
			inputPaths = (
				"${PODS_PODFILE_DIR_PATH}/Podfile.lock",
				"${PODS_ROOT}/Manifest.lock",
			);
			name = "[CP] Check Pods Manifest.lock";
			outputPaths = (
				"$(DERIVED_FILE_DIR)/Pods-Superheroes-checkManifestLockResult.txt",
			);
			runOnlyForDeploymentPostprocessing = 0;
			shellPath = /bin/sh;
			shellScript = "diff \"${PODS_PODFILE_DIR_PATH}/Podfile.lock\" \"${PODS_ROOT}/Manifest.lock\" > /dev/null\nif [ $? != 0 ] ; then\n    # print error to STDERR\n    echo \"error: The sandbox is not in sync with the Podfile.lock. Run 'pod install' or update your CocoaPods installation.\" >&2\n    exit 1\nfi\n# This output is used by Xcode 'outputs' to avoid re-running this script phase.\necho \"SUCCESS\" > \"${SCRIPT_OUTPUT_FILE_0}\"\n";
			showEnvVarsInLog = 0;
		};
		E64CF338FB653B7057E1F8B7 /* [CP] Embed Pods Frameworks */ = {
			isa = PBXShellScriptBuildPhase;
			buildActionMask = 2147483647;
			files = (
			);
			inputPaths = (
				"${SRCROOT}/Pods/Target Support Files/Pods-Superheroes/Pods-Superheroes-frameworks.sh",
				"${BUILT_PRODUCTS_DIR}/Result/Result.framework",
				"${BUILT_PRODUCTS_DIR}/SDWebImage/SDWebImage.framework",
				"${BUILT_PRODUCTS_DIR}/SwiftMessages/SwiftMessages.framework",
			);
			name = "[CP] Embed Pods Frameworks";
			outputPaths = (
				"${TARGET_BUILD_DIR}/${FRAMEWORKS_FOLDER_PATH}/Result.framework",
				"${TARGET_BUILD_DIR}/${FRAMEWORKS_FOLDER_PATH}/SDWebImage.framework",
				"${TARGET_BUILD_DIR}/${FRAMEWORKS_FOLDER_PATH}/SwiftMessages.framework",
			);
			runOnlyForDeploymentPostprocessing = 0;
			shellPath = /bin/sh;
			shellScript = "\"${SRCROOT}/Pods/Target Support Files/Pods-Superheroes/Pods-Superheroes-frameworks.sh\"\n";
			showEnvVarsInLog = 0;
		};
/* End PBXShellScriptBuildPhase section */

/* Begin PBXSourcesBuildPhase section */
		55CDF50820AC3EB2003F0564 /* Sources */ = {
			isa = PBXSourcesBuildPhase;
			buildActionMask = 2147483647;
			files = (
				55C4241520AC529A003DC6B2 /* ListViewController.swift in Sources */,
				55C4241920AC923A003DC6B2 /* Colors.swift in Sources */,
				55C4246C20ACD11B003DC6B2 /* DetailViewController.swift in Sources */,
				55C4241620AC529A003DC6B2 /* ListViewing.swift in Sources */,
				55C4241D20ACA723003DC6B2 /* ListCell.swift in Sources */,
				55C4241220AC529A003DC6B2 /* ListPresenter.swift in Sources */,
				55CDF54E20AC431C003F0564 /* Resource.swift in Sources */,
				55C4246B20ACD11B003DC6B2 /* DetailConnector.swift in Sources */,
				55C4247B20AD895D003DC6B2 /* ListViewModels.swift in Sources */,
				55C4247E20AD9090003DC6B2 /* AlertViews.swift in Sources */,
				55CDF55020AC431C003F0564 /* Data.swift in Sources */,
				55CDF51020AC3EB2003F0564 /* AppDelegate.swift in Sources */,
				55C4241720AC529A003DC6B2 /* ListInteractor.swift in Sources */,
				55CDF54F20AC431C003F0564 /* APIClientError.swift in Sources */,
				55C4241420AC529A003DC6B2 /* ListConnector.swift in Sources */,
				55CDF55620AC4428003F0564 /* Superheroe.swift in Sources */,
				55C4246D20ACD11B003DC6B2 /* DetailViewing.swift in Sources */,
				55CDF55820AC446D003F0564 /* SuperheroeResource.swift in Sources */,
				55C423EE20AC4E8E003DC6B2 /* SuperheroesRepository.swift in Sources */,
				55C4241320AC529A003DC6B2 /* ListEventHandling.swift in Sources */,
				55C4246920ACD11B003DC6B2 /* DetailPresenter.swift in Sources */,
				55CDF55B20AC4477003F0564 /* Constanst.swift in Sources */,
				55CDF54D20AC431C003F0564 /* APIClient.swift in Sources */,
				55C4246A20ACD11B003DC6B2 /* DetailEventHandling.swift in Sources */,
				55CDF55520AC4428003F0564 /* Superheroes.swift in Sources */,
				55C4240720AC5232003DC6B2 /* HasDependency.swift in Sources */,
				55C423F420AC512B003DC6B2 /* SegueTypeHandling.swift in Sources */,
				55C423F120AC50E5003DC6B2 /* Presenting.swift in Sources */,
			);
			runOnlyForDeploymentPostprocessing = 0;
		};
		55CDF51C20AC3EB3003F0564 /* Sources */ = {
			isa = PBXSourcesBuildPhase;
			buildActionMask = 2147483647;
			files = (
				55CDF52520AC3EB3003F0564 /* SuperheroesTests.swift in Sources */,
			);
			runOnlyForDeploymentPostprocessing = 0;
		};
		55CDF52720AC3EB3003F0564 /* Sources */ = {
			isa = PBXSourcesBuildPhase;
			buildActionMask = 2147483647;
			files = (
				55CDF53020AC3EB3003F0564 /* SuperheroesUITests.swift in Sources */,
			);
			runOnlyForDeploymentPostprocessing = 0;
		};
/* End PBXSourcesBuildPhase section */

/* Begin PBXTargetDependency section */
		55CDF52220AC3EB3003F0564 /* PBXTargetDependency */ = {
			isa = PBXTargetDependency;
			target = 55CDF50B20AC3EB2003F0564 /* Superheroes */;
			targetProxy = 55CDF52120AC3EB3003F0564 /* PBXContainerItemProxy */;
		};
		55CDF52D20AC3EB3003F0564 /* PBXTargetDependency */ = {
			isa = PBXTargetDependency;
			target = 55CDF50B20AC3EB2003F0564 /* Superheroes */;
			targetProxy = 55CDF52C20AC3EB3003F0564 /* PBXContainerItemProxy */;
		};
/* End PBXTargetDependency section */

/* Begin PBXVariantGroup section */
		55CDF51320AC3EB2003F0564 /* Main.storyboard */ = {
			isa = PBXVariantGroup;
			children = (
				55CDF51420AC3EB2003F0564 /* Base */,
			);
			name = Main.storyboard;
			sourceTree = "<group>";
		};
		55CDF51820AC3EB3003F0564 /* LaunchScreen.storyboard */ = {
			isa = PBXVariantGroup;
			children = (
				55CDF51920AC3EB3003F0564 /* Base */,
			);
			name = LaunchScreen.storyboard;
			sourceTree = "<group>";
		};
/* End PBXVariantGroup section */

/* Begin XCBuildConfiguration section */
		55CDF53220AC3EB3003F0564 /* Debug */ = {
			isa = XCBuildConfiguration;
			buildSettings = {
				ALWAYS_SEARCH_USER_PATHS = NO;
				CLANG_ANALYZER_NONNULL = YES;
				CLANG_ANALYZER_NUMBER_OBJECT_CONVERSION = YES_AGGRESSIVE;
				CLANG_CXX_LANGUAGE_STANDARD = "gnu++14";
				CLANG_CXX_LIBRARY = "libc++";
				CLANG_ENABLE_MODULES = YES;
				CLANG_ENABLE_OBJC_ARC = YES;
				CLANG_ENABLE_OBJC_WEAK = YES;
				CLANG_WARN_BLOCK_CAPTURE_AUTORELEASING = YES;
				CLANG_WARN_BOOL_CONVERSION = YES;
				CLANG_WARN_COMMA = YES;
				CLANG_WARN_CONSTANT_CONVERSION = YES;
				CLANG_WARN_DEPRECATED_OBJC_IMPLEMENTATIONS = YES;
				CLANG_WARN_DIRECT_OBJC_ISA_USAGE = YES_ERROR;
				CLANG_WARN_DOCUMENTATION_COMMENTS = YES;
				CLANG_WARN_EMPTY_BODY = YES;
				CLANG_WARN_ENUM_CONVERSION = YES;
				CLANG_WARN_INFINITE_RECURSION = YES;
				CLANG_WARN_INT_CONVERSION = YES;
				CLANG_WARN_NON_LITERAL_NULL_CONVERSION = YES;
				CLANG_WARN_OBJC_IMPLICIT_RETAIN_SELF = YES;
				CLANG_WARN_OBJC_LITERAL_CONVERSION = YES;
				CLANG_WARN_OBJC_ROOT_CLASS = YES_ERROR;
				CLANG_WARN_RANGE_LOOP_ANALYSIS = YES;
				CLANG_WARN_STRICT_PROTOTYPES = YES;
				CLANG_WARN_SUSPICIOUS_MOVE = YES;
				CLANG_WARN_UNGUARDED_AVAILABILITY = YES_AGGRESSIVE;
				CLANG_WARN_UNREACHABLE_CODE = YES;
				CLANG_WARN__DUPLICATE_METHOD_MATCH = YES;
				CODE_SIGN_IDENTITY = "iPhone Developer";
				COPY_PHASE_STRIP = NO;
				DEBUG_INFORMATION_FORMAT = dwarf;
				ENABLE_STRICT_OBJC_MSGSEND = YES;
				ENABLE_TESTABILITY = YES;
				GCC_C_LANGUAGE_STANDARD = gnu11;
				GCC_DYNAMIC_NO_PIC = NO;
				GCC_NO_COMMON_BLOCKS = YES;
				GCC_OPTIMIZATION_LEVEL = 0;
				GCC_PREPROCESSOR_DEFINITIONS = (
					"DEBUG=1",
					"$(inherited)",
				);
				GCC_WARN_64_TO_32_BIT_CONVERSION = YES;
				GCC_WARN_ABOUT_RETURN_TYPE = YES_ERROR;
				GCC_WARN_UNDECLARED_SELECTOR = YES;
				GCC_WARN_UNINITIALIZED_AUTOS = YES_AGGRESSIVE;
				GCC_WARN_UNUSED_FUNCTION = YES;
				GCC_WARN_UNUSED_VARIABLE = YES;
				IPHONEOS_DEPLOYMENT_TARGET = 9.0;
				MTL_ENABLE_DEBUG_INFO = YES;
				ONLY_ACTIVE_ARCH = YES;
				SDKROOT = iphoneos;
				SWIFT_ACTIVE_COMPILATION_CONDITIONS = DEBUG;
				SWIFT_OPTIMIZATION_LEVEL = "-Onone";
			};
			name = Debug;
		};
		55CDF53320AC3EB3003F0564 /* Release */ = {
			isa = XCBuildConfiguration;
			buildSettings = {
				ALWAYS_SEARCH_USER_PATHS = NO;
				CLANG_ANALYZER_NONNULL = YES;
				CLANG_ANALYZER_NUMBER_OBJECT_CONVERSION = YES_AGGRESSIVE;
				CLANG_CXX_LANGUAGE_STANDARD = "gnu++14";
				CLANG_CXX_LIBRARY = "libc++";
				CLANG_ENABLE_MODULES = YES;
				CLANG_ENABLE_OBJC_ARC = YES;
				CLANG_ENABLE_OBJC_WEAK = YES;
				CLANG_WARN_BLOCK_CAPTURE_AUTORELEASING = YES;
				CLANG_WARN_BOOL_CONVERSION = YES;
				CLANG_WARN_COMMA = YES;
				CLANG_WARN_CONSTANT_CONVERSION = YES;
				CLANG_WARN_DEPRECATED_OBJC_IMPLEMENTATIONS = YES;
				CLANG_WARN_DIRECT_OBJC_ISA_USAGE = YES_ERROR;
				CLANG_WARN_DOCUMENTATION_COMMENTS = YES;
				CLANG_WARN_EMPTY_BODY = YES;
				CLANG_WARN_ENUM_CONVERSION = YES;
				CLANG_WARN_INFINITE_RECURSION = YES;
				CLANG_WARN_INT_CONVERSION = YES;
				CLANG_WARN_NON_LITERAL_NULL_CONVERSION = YES;
				CLANG_WARN_OBJC_IMPLICIT_RETAIN_SELF = YES;
				CLANG_WARN_OBJC_LITERAL_CONVERSION = YES;
				CLANG_WARN_OBJC_ROOT_CLASS = YES_ERROR;
				CLANG_WARN_RANGE_LOOP_ANALYSIS = YES;
				CLANG_WARN_STRICT_PROTOTYPES = YES;
				CLANG_WARN_SUSPICIOUS_MOVE = YES;
				CLANG_WARN_UNGUARDED_AVAILABILITY = YES_AGGRESSIVE;
				CLANG_WARN_UNREACHABLE_CODE = YES;
				CLANG_WARN__DUPLICATE_METHOD_MATCH = YES;
				CODE_SIGN_IDENTITY = "iPhone Developer";
				COPY_PHASE_STRIP = NO;
				DEBUG_INFORMATION_FORMAT = "dwarf-with-dsym";
				ENABLE_NS_ASSERTIONS = NO;
				ENABLE_STRICT_OBJC_MSGSEND = YES;
				GCC_C_LANGUAGE_STANDARD = gnu11;
				GCC_NO_COMMON_BLOCKS = YES;
				GCC_WARN_64_TO_32_BIT_CONVERSION = YES;
				GCC_WARN_ABOUT_RETURN_TYPE = YES_ERROR;
				GCC_WARN_UNDECLARED_SELECTOR = YES;
				GCC_WARN_UNINITIALIZED_AUTOS = YES_AGGRESSIVE;
				GCC_WARN_UNUSED_FUNCTION = YES;
				GCC_WARN_UNUSED_VARIABLE = YES;
				IPHONEOS_DEPLOYMENT_TARGET = 9.0;
				MTL_ENABLE_DEBUG_INFO = NO;
				SDKROOT = iphoneos;
				SWIFT_COMPILATION_MODE = wholemodule;
				SWIFT_OPTIMIZATION_LEVEL = "-O";
				VALIDATE_PRODUCT = YES;
			};
			name = Release;
		};
		55CDF53520AC3EB3003F0564 /* Debug */ = {
			isa = XCBuildConfiguration;
			baseConfigurationReference = 77AD0DFA010DFF7B421089F2 /* Pods-Superheroes.debug.xcconfig */;
			buildSettings = {
				ASSETCATALOG_COMPILER_APPICON_NAME = AppIcon;
				CODE_SIGN_IDENTITY = "iPhone Developer";
				CODE_SIGN_STYLE = Automatic;
				DEVELOPMENT_TEAM = 56PAWKLP39;
				INFOPLIST_FILE = "$(SRCROOT)/Superheroes/Supporting Files/Info.plist";
				LD_RUNPATH_SEARCH_PATHS = (
					"$(inherited)",
					"@executable_path/Frameworks",
				);
				PRODUCT_BUNDLE_IDENTIFIER = com.oscar.Superheroes;
				PRODUCT_NAME = "$(TARGET_NAME)";
				PROVISIONING_PROFILE_SPECIFIER = "";
				SWIFT_VERSION = 4.0;
				TARGETED_DEVICE_FAMILY = 1;
			};
			name = Debug;
		};
		55CDF53620AC3EB3003F0564 /* Release */ = {
			isa = XCBuildConfiguration;
			baseConfigurationReference = 093E5932B6580333E2344CCF /* Pods-Superheroes.release.xcconfig */;
			buildSettings = {
				ASSETCATALOG_COMPILER_APPICON_NAME = AppIcon;
				CODE_SIGN_IDENTITY = "iPhone Developer";
				CODE_SIGN_STYLE = Automatic;
				DEVELOPMENT_TEAM = 56PAWKLP39;
				INFOPLIST_FILE = "$(SRCROOT)/Superheroes/Supporting Files/Info.plist";
				LD_RUNPATH_SEARCH_PATHS = (
					"$(inherited)",
					"@executable_path/Frameworks",
				);
				PRODUCT_BUNDLE_IDENTIFIER = com.oscar.Superheroes;
				PRODUCT_NAME = "$(TARGET_NAME)";
				PROVISIONING_PROFILE_SPECIFIER = "";
				SWIFT_VERSION = 4.0;
				TARGETED_DEVICE_FAMILY = 1;
			};
			name = Release;
		};
		55CDF53820AC3EB3003F0564 /* Debug */ = {
			isa = XCBuildConfiguration;
			baseConfigurationReference = 4FDC6A66B675FA298249388D /* Pods-SuperheroesTests.debug.xcconfig */;
			buildSettings = {
				ALWAYS_EMBED_SWIFT_STANDARD_LIBRARIES = YES;
				BUNDLE_LOADER = "$(TEST_HOST)";
				CODE_SIGN_STYLE = Automatic;
				DEVELOPMENT_TEAM = 56PAWKLP39;
				INFOPLIST_FILE = SuperheroesTests/Info.plist;
				LD_RUNPATH_SEARCH_PATHS = (
					"$(inherited)",
					"@executable_path/Frameworks",
					"@loader_path/Frameworks",
				);
				PRODUCT_BUNDLE_IDENTIFIER = com.oscar.SuperheroesTests;
				PRODUCT_NAME = "$(TARGET_NAME)";
				SWIFT_VERSION = 4.0;
				TARGETED_DEVICE_FAMILY = "1,2";
				TEST_HOST = "$(BUILT_PRODUCTS_DIR)/Superheroes.app/Superheroes";
			};
			name = Debug;
		};
		55CDF53920AC3EB3003F0564 /* Release */ = {
			isa = XCBuildConfiguration;
			baseConfigurationReference = FAA27809E2869BAECA8F62B5 /* Pods-SuperheroesTests.release.xcconfig */;
			buildSettings = {
				ALWAYS_EMBED_SWIFT_STANDARD_LIBRARIES = YES;
				BUNDLE_LOADER = "$(TEST_HOST)";
				CODE_SIGN_STYLE = Automatic;
				DEVELOPMENT_TEAM = 56PAWKLP39;
				INFOPLIST_FILE = SuperheroesTests/Info.plist;
				LD_RUNPATH_SEARCH_PATHS = (
					"$(inherited)",
					"@executable_path/Frameworks",
					"@loader_path/Frameworks",
				);
				PRODUCT_BUNDLE_IDENTIFIER = com.oscar.SuperheroesTests;
				PRODUCT_NAME = "$(TARGET_NAME)";
				SWIFT_VERSION = 4.0;
				TARGETED_DEVICE_FAMILY = "1,2";
				TEST_HOST = "$(BUILT_PRODUCTS_DIR)/Superheroes.app/Superheroes";
			};
			name = Release;
		};
		55CDF53B20AC3EB3003F0564 /* Debug */ = {
			isa = XCBuildConfiguration;
			baseConfigurationReference = 3694C0B85B63629FC22A21DF /* Pods-SuperheroesUITests.debug.xcconfig */;
			buildSettings = {
				ALWAYS_EMBED_SWIFT_STANDARD_LIBRARIES = YES;
				CODE_SIGN_STYLE = Automatic;
				DEVELOPMENT_TEAM = 56PAWKLP39;
				INFOPLIST_FILE = SuperheroesUITests/Info.plist;
				LD_RUNPATH_SEARCH_PATHS = (
					"$(inherited)",
					"@executable_path/Frameworks",
					"@loader_path/Frameworks",
				);
				PRODUCT_BUNDLE_IDENTIFIER = com.oscar.SuperheroesUITests;
				PRODUCT_NAME = "$(TARGET_NAME)";
				SWIFT_VERSION = 4.0;
				TARGETED_DEVICE_FAMILY = "1,2";
				TEST_TARGET_NAME = Superheroes;
			};
			name = Debug;
		};
		55CDF53C20AC3EB3003F0564 /* Release */ = {
			isa = XCBuildConfiguration;
			baseConfigurationReference = B59DD5C8FE90B224A7B80D1F /* Pods-SuperheroesUITests.release.xcconfig */;
			buildSettings = {
				ALWAYS_EMBED_SWIFT_STANDARD_LIBRARIES = YES;
				CODE_SIGN_STYLE = Automatic;
				DEVELOPMENT_TEAM = 56PAWKLP39;
				INFOPLIST_FILE = SuperheroesUITests/Info.plist;
				LD_RUNPATH_SEARCH_PATHS = (
					"$(inherited)",
					"@executable_path/Frameworks",
					"@loader_path/Frameworks",
				);
				PRODUCT_BUNDLE_IDENTIFIER = com.oscar.SuperheroesUITests;
				PRODUCT_NAME = "$(TARGET_NAME)";
				SWIFT_VERSION = 4.0;
				TARGETED_DEVICE_FAMILY = "1,2";
				TEST_TARGET_NAME = Superheroes;
			};
			name = Release;
		};
/* End XCBuildConfiguration section */

/* Begin XCConfigurationList section */
		55CDF50720AC3EB2003F0564 /* Build configuration list for PBXProject "Superheroes" */ = {
			isa = XCConfigurationList;
			buildConfigurations = (
				55CDF53220AC3EB3003F0564 /* Debug */,
				55CDF53320AC3EB3003F0564 /* Release */,
			);
			defaultConfigurationIsVisible = 0;
			defaultConfigurationName = Release;
		};
		55CDF53420AC3EB3003F0564 /* Build configuration list for PBXNativeTarget "Superheroes" */ = {
			isa = XCConfigurationList;
			buildConfigurations = (
				55CDF53520AC3EB3003F0564 /* Debug */,
				55CDF53620AC3EB3003F0564 /* Release */,
			);
			defaultConfigurationIsVisible = 0;
			defaultConfigurationName = Release;
		};
		55CDF53720AC3EB3003F0564 /* Build configuration list for PBXNativeTarget "SuperheroesTests" */ = {
			isa = XCConfigurationList;
			buildConfigurations = (
				55CDF53820AC3EB3003F0564 /* Debug */,
				55CDF53920AC3EB3003F0564 /* Release */,
			);
			defaultConfigurationIsVisible = 0;
			defaultConfigurationName = Release;
		};
		55CDF53A20AC3EB3003F0564 /* Build configuration list for PBXNativeTarget "SuperheroesUITests" */ = {
			isa = XCConfigurationList;
			buildConfigurations = (
				55CDF53B20AC3EB3003F0564 /* Debug */,
				55CDF53C20AC3EB3003F0564 /* Release */,
			);
			defaultConfigurationIsVisible = 0;
			defaultConfigurationName = Release;
		};
/* End XCConfigurationList section */
	};
	rootObject = 55CDF50420AC3EB2003F0564 /* Project object */;
}
